
Microsoft Visual Studio Solution File, Format Version 12.00
# Visual Studio 15
VisualStudioVersion = 15.0.27130.2024
MinimumVisualStudioVersion = 10.0.40219.1
Project("{9A19103F-16F7-4668-BE54-9A1E7A4F7556}") = "Acr.EfCore", "Acr.EfCore\Acr.EfCore.csproj", "{75F8953F-2839-47CF-BD7E-563317D34889}"
EndProject
Project("{9A19103F-16F7-4668-BE54-9A1E7A4F7556}") = "Acr", "Acr\Acr.csproj", "{0AB7CD19-C34E-45F8-8244-53B07CE54AA7}"
EndProject
Project("{9A19103F-16F7-4668-BE54-9A1E7A4F7556}") = "Acr.Tests", "Acr.Tests\Acr.Tests.csproj", "{CACB150B-CF8C-473D-AAAC-DE0B7CA94896}"
EndProject
Project("{9A19103F-16F7-4668-BE54-9A1E7A4F7556}") = "Acr.EfCore.Tests", "Acr.EfCore.Tests\Acr.EfCore.Tests.csproj", "{E0978780-B0DC-47DA-9736-2781F15A65E9}"
EndProject
Project("{9A19103F-16F7-4668-BE54-9A1E7A4F7556}") = "Acr.XamForms", "Acr.XamForms\Acr.XamForms.csproj", "{5CD2ED0A-B502-4589-A585-6F30B32427CC}"
EndProject
Project("{2150E333-8FDC-42A3-9474-1A3956D46DE8}") = "Solution Items", "Solution Items", "{863F65F9-A1CC-4DD9-9380-1560DF281036}"
	ProjectSection(SolutionItems) = preProject
		docs\core.md = docs\core.md
		docs\core_changelog.md = docs\core_changelog.md
		docs\efcore.md = docs\efcore.md
		docs\efcore_changelog.md = docs\efcore_changelog.md
		docs\forms.md = docs\forms.md
		docs\forms_changelog.md = docs\forms_changelog.md
		ISSUE_TEMPLATE = ISSUE_TEMPLATE
		LICENSE.md = LICENSE.md
		push.cmd = push.cmd
		readme.md = readme.md
	EndProjectSection
EndProject
Project("{FAE04EC0-301F-11D3-BF4B-00C04F79EFBC}") = "Samples.Android", "Samples\Samples.Android\Samples.Android.csproj", "{3DB2DD3B-1C76-427F-977B-D85F9AF9EE3D}"
EndProject
Project("{FAE04EC0-301F-11D3-BF4B-00C04F79EFBC}") = "Samples.iOS", "Samples\Samples.iOS\Samples.iOS.csproj", "{3FA7E521-13B7-4D29-9FB6-1315B9ECB692}"
EndProject
Project("{FAE04EC0-301F-11D3-BF4B-00C04F79EFBC}") = "Samples.UWP", "Samples\Samples.UWP\Samples.UWP.csproj", "{307C227A-C3F6-4552-9747-22A7CDF6E4DB}"
EndProject
Project("{9A19103F-16F7-4668-BE54-9A1E7A4F7556}") = "Samples", "Samples\Samples\Samples.csproj", "{ABA86120-A1E2-4CEE-BA34-A48FE0CCBC92}"
EndProject
Project("{2150E333-8FDC-42A3-9474-1A3956D46DE8}") = "Sample", "Sample", "{3D0367FC-8C58-45C7-BAF5-F3E96C9A334D}"
EndProject
Project("{2150E333-8FDC-42A3-9474-1A3956D46DE8}") = "Tests", "Tests", "{4CD7609F-CFC7-4DBE-9BE2-2C305001FB84}"
EndProject
Global
	GlobalSection(SolutionConfigurationPlatforms) = preSolution
		Ad-Hoc|Any CPU = Ad-Hoc|Any CPU
		Ad-Hoc|ARM = Ad-Hoc|ARM
		Ad-Hoc|iPhone = Ad-Hoc|iPhone
		Ad-Hoc|iPhoneSimulator = Ad-Hoc|iPhoneSimulator
		Ad-Hoc|x64 = Ad-Hoc|x64
		Ad-Hoc|x86 = Ad-Hoc|x86
		AppStore|Any CPU = AppStore|Any CPU
		AppStore|ARM = AppStore|ARM
		AppStore|iPhone = AppStore|iPhone
		AppStore|iPhoneSimulator = AppStore|iPhoneSimulator
		AppStore|x64 = AppStore|x64
		AppStore|x86 = AppStore|x86
		Debug|Any CPU = Debug|Any CPU
		Debug|ARM = Debug|ARM
		Debug|iPhone = Debug|iPhone
		Debug|iPhoneSimulator = Debug|iPhoneSimulator
		Debug|x64 = Debug|x64
		Debug|x86 = Debug|x86
		Release|Any CPU = Release|Any CPU
		Release|ARM = Release|ARM
		Release|iPhone = Release|iPhone
		Release|iPhoneSimulator = Release|iPhoneSimulator
		Release|x64 = Release|x64
		Release|x86 = Release|x86
	EndGlobalSection
	GlobalSection(ProjectConfigurationPlatforms) = postSolution
		{75F8953F-2839-47CF-BD7E-563317D34889}.Ad-Hoc|Any CPU.ActiveCfg = Release|Any CPU
		{75F8953F-2839-47CF-BD7E-563317D34889}.Ad-Hoc|Any CPU.Build.0 = Release|Any CPU
		{75F8953F-2839-47CF-BD7E-563317D34889}.Ad-Hoc|ARM.ActiveCfg = Release|Any CPU
		{75F8953F-2839-47CF-BD7E-563317D34889}.Ad-Hoc|ARM.Build.0 = Release|Any CPU
		{75F8953F-2839-47CF-BD7E-563317D34889}.Ad-Hoc|iPhone.ActiveCfg = Release|Any CPU
		{75F8953F-2839-47CF-BD7E-563317D34889}.Ad-Hoc|iPhone.Build.0 = Release|Any CPU
		{75F8953F-2839-47CF-BD7E-563317D34889}.Ad-Hoc|iPhoneSimulator.ActiveCfg = Release|Any CPU
		{75F8953F-2839-47CF-BD7E-563317D34889}.Ad-Hoc|iPhoneSimulator.Build.0 = Release|Any CPU
		{75F8953F-2839-47CF-BD7E-563317D34889}.Ad-Hoc|x64.ActiveCfg = Release|Any CPU
		{75F8953F-2839-47CF-BD7E-563317D34889}.Ad-Hoc|x64.Build.0 = Release|Any CPU
		{75F8953F-2839-47CF-BD7E-563317D34889}.Ad-Hoc|x86.ActiveCfg = Release|Any CPU
		{75F8953F-2839-47CF-BD7E-563317D34889}.Ad-Hoc|x86.Build.0 = Release|Any CPU
		{75F8953F-2839-47CF-BD7E-563317D34889}.AppStore|Any CPU.ActiveCfg = Release|Any CPU
		{75F8953F-2839-47CF-BD7E-563317D34889}.AppStore|Any CPU.Build.0 = Release|Any CPU
		{75F8953F-2839-47CF-BD7E-563317D34889}.AppStore|ARM.ActiveCfg = Release|Any CPU
		{75F8953F-2839-47CF-BD7E-563317D34889}.AppStore|ARM.Build.0 = Release|Any CPU
		{75F8953F-2839-47CF-BD7E-563317D34889}.AppStore|iPhone.ActiveCfg = Release|Any CPU
		{75F8953F-2839-47CF-BD7E-563317D34889}.AppStore|iPhone.Build.0 = Release|Any CPU
		{75F8953F-2839-47CF-BD7E-563317D34889}.AppStore|iPhoneSimulator.ActiveCfg = Release|Any CPU
		{75F8953F-2839-47CF-BD7E-563317D34889}.AppStore|iPhoneSimulator.Build.0 = Release|Any CPU
		{75F8953F-2839-47CF-BD7E-563317D34889}.AppStore|x64.ActiveCfg = Release|Any CPU
		{75F8953F-2839-47CF-BD7E-563317D34889}.AppStore|x64.Build.0 = Release|Any CPU
		{75F8953F-2839-47CF-BD7E-563317D34889}.AppStore|x86.ActiveCfg = Release|Any CPU
		{75F8953F-2839-47CF-BD7E-563317D34889}.AppStore|x86.Build.0 = Release|Any CPU
		{75F8953F-2839-47CF-BD7E-563317D34889}.Debug|Any CPU.ActiveCfg = Debug|Any CPU
		{75F8953F-2839-47CF-BD7E-563317D34889}.Debug|Any CPU.Build.0 = Debug|Any CPU
		{75F8953F-2839-47CF-BD7E-563317D34889}.Debug|ARM.ActiveCfg = Debug|Any CPU
		{75F8953F-2839-47CF-BD7E-563317D34889}.Debug|ARM.Build.0 = Debug|Any CPU
		{75F8953F-2839-47CF-BD7E-563317D34889}.Debug|iPhone.ActiveCfg = Debug|Any CPU
		{75F8953F-2839-47CF-BD7E-563317D34889}.Debug|iPhone.Build.0 = Debug|Any CPU
		{75F8953F-2839-47CF-BD7E-563317D34889}.Debug|iPhoneSimulator.ActiveCfg = Debug|Any CPU
		{75F8953F-2839-47CF-BD7E-563317D34889}.Debug|iPhoneSimulator.Build.0 = Debug|Any CPU
		{75F8953F-2839-47CF-BD7E-563317D34889}.Debug|x64.ActiveCfg = Debug|Any CPU
		{75F8953F-2839-47CF-BD7E-563317D34889}.Debug|x64.Build.0 = Debug|Any CPU
		{75F8953F-2839-47CF-BD7E-563317D34889}.Debug|x86.ActiveCfg = Debug|Any CPU
		{75F8953F-2839-47CF-BD7E-563317D34889}.Debug|x86.Build.0 = Debug|Any CPU
		{75F8953F-2839-47CF-BD7E-563317D34889}.Release|Any CPU.ActiveCfg = Release|Any CPU
		{75F8953F-2839-47CF-BD7E-563317D34889}.Release|Any CPU.Build.0 = Release|Any CPU
		{75F8953F-2839-47CF-BD7E-563317D34889}.Release|ARM.ActiveCfg = Release|Any CPU
		{75F8953F-2839-47CF-BD7E-563317D34889}.Release|ARM.Build.0 = Release|Any CPU
		{75F8953F-2839-47CF-BD7E-563317D34889}.Release|iPhone.ActiveCfg = Release|Any CPU
		{75F8953F-2839-47CF-BD7E-563317D34889}.Release|iPhone.Build.0 = Release|Any CPU
		{75F8953F-2839-47CF-BD7E-563317D34889}.Release|iPhoneSimulator.ActiveCfg = Release|Any CPU
		{75F8953F-2839-47CF-BD7E-563317D34889}.Release|iPhoneSimulator.Build.0 = Release|Any CPU
		{75F8953F-2839-47CF-BD7E-563317D34889}.Release|x64.ActiveCfg = Release|Any CPU
		{75F8953F-2839-47CF-BD7E-563317D34889}.Release|x64.Build.0 = Release|Any CPU
		{75F8953F-2839-47CF-BD7E-563317D34889}.Release|x86.ActiveCfg = Release|Any CPU
		{75F8953F-2839-47CF-BD7E-563317D34889}.Release|x86.Build.0 = Release|Any CPU
		{0AB7CD19-C34E-45F8-8244-53B07CE54AA7}.Ad-Hoc|Any CPU.ActiveCfg = Release|Any CPU
		{0AB7CD19-C34E-45F8-8244-53B07CE54AA7}.Ad-Hoc|Any CPU.Build.0 = Release|Any CPU
		{0AB7CD19-C34E-45F8-8244-53B07CE54AA7}.Ad-Hoc|ARM.ActiveCfg = Release|Any CPU
		{0AB7CD19-C34E-45F8-8244-53B07CE54AA7}.Ad-Hoc|ARM.Build.0 = Release|Any CPU
		{0AB7CD19-C34E-45F8-8244-53B07CE54AA7}.Ad-Hoc|iPhone.ActiveCfg = Release|Any CPU
		{0AB7CD19-C34E-45F8-8244-53B07CE54AA7}.Ad-Hoc|iPhone.Build.0 = Release|Any CPU
		{0AB7CD19-C34E-45F8-8244-53B07CE54AA7}.Ad-Hoc|iPhoneSimulator.ActiveCfg = Release|Any CPU
		{0AB7CD19-C34E-45F8-8244-53B07CE54AA7}.Ad-Hoc|iPhoneSimulator.Build.0 = Release|Any CPU
		{0AB7CD19-C34E-45F8-8244-53B07CE54AA7}.Ad-Hoc|x64.ActiveCfg = Release|Any CPU
		{0AB7CD19-C34E-45F8-8244-53B07CE54AA7}.Ad-Hoc|x64.Build.0 = Release|Any CPU
		{0AB7CD19-C34E-45F8-8244-53B07CE54AA7}.Ad-Hoc|x86.ActiveCfg = Release|Any CPU
		{0AB7CD19-C34E-45F8-8244-53B07CE54AA7}.Ad-Hoc|x86.Build.0 = Release|Any CPU
		{0AB7CD19-C34E-45F8-8244-53B07CE54AA7}.AppStore|Any CPU.ActiveCfg = Release|Any CPU
		{0AB7CD19-C34E-45F8-8244-53B07CE54AA7}.AppStore|Any CPU.Build.0 = Release|Any CPU
		{0AB7CD19-C34E-45F8-8244-53B07CE54AA7}.AppStore|ARM.ActiveCfg = Release|Any CPU
		{0AB7CD19-C34E-45F8-8244-53B07CE54AA7}.AppStore|ARM.Build.0 = Release|Any CPU
		{0AB7CD19-C34E-45F8-8244-53B07CE54AA7}.AppStore|iPhone.ActiveCfg = Release|Any CPU
		{0AB7CD19-C34E-45F8-8244-53B07CE54AA7}.AppStore|iPhone.Build.0 = Release|Any CPU
		{0AB7CD19-C34E-45F8-8244-53B07CE54AA7}.AppStore|iPhoneSimulator.ActiveCfg = Release|Any CPU
		{0AB7CD19-C34E-45F8-8244-53B07CE54AA7}.AppStore|iPhoneSimulator.Build.0 = Release|Any CPU
		{0AB7CD19-C34E-45F8-8244-53B07CE54AA7}.AppStore|x64.ActiveCfg = Release|Any CPU
		{0AB7CD19-C34E-45F8-8244-53B07CE54AA7}.AppStore|x64.Build.0 = Release|Any CPU
		{0AB7CD19-C34E-45F8-8244-53B07CE54AA7}.AppStore|x86.ActiveCfg = Release|Any CPU
		{0AB7CD19-C34E-45F8-8244-53B07CE54AA7}.AppStore|x86.Build.0 = Release|Any CPU
		{0AB7CD19-C34E-45F8-8244-53B07CE54AA7}.Debug|Any CPU.ActiveCfg = Debug|Any CPU
		{0AB7CD19-C34E-45F8-8244-53B07CE54AA7}.Debug|Any CPU.Build.0 = Debug|Any CPU
		{0AB7CD19-C34E-45F8-8244-53B07CE54AA7}.Debug|ARM.ActiveCfg = Debug|Any CPU
		{0AB7CD19-C34E-45F8-8244-53B07CE54AA7}.Debug|ARM.Build.0 = Debug|Any CPU
		{0AB7CD19-C34E-45F8-8244-53B07CE54AA7}.Debug|iPhone.ActiveCfg = Debug|Any CPU
		{0AB7CD19-C34E-45F8-8244-53B07CE54AA7}.Debug|iPhone.Build.0 = Debug|Any CPU
		{0AB7CD19-C34E-45F8-8244-53B07CE54AA7}.Debug|iPhoneSimulator.ActiveCfg = Debug|Any CPU
		{0AB7CD19-C34E-45F8-8244-53B07CE54AA7}.Debug|iPhoneSimulator.Build.0 = Debug|Any CPU
		{0AB7CD19-C34E-45F8-8244-53B07CE54AA7}.Debug|x64.ActiveCfg = Debug|Any CPU
		{0AB7CD19-C34E-45F8-8244-53B07CE54AA7}.Debug|x64.Build.0 = Debug|Any CPU
		{0AB7CD19-C34E-45F8-8244-53B07CE54AA7}.Debug|x86.ActiveCfg = Debug|Any CPU
		{0AB7CD19-C34E-45F8-8244-53B07CE54AA7}.Debug|x86.Build.0 = Debug|Any CPU
		{0AB7CD19-C34E-45F8-8244-53B07CE54AA7}.Release|Any CPU.ActiveCfg = Release|Any CPU
		{0AB7CD19-C34E-45F8-8244-53B07CE54AA7}.Release|Any CPU.Build.0 = Release|Any CPU
		{0AB7CD19-C34E-45F8-8244-53B07CE54AA7}.Release|ARM.ActiveCfg = Release|Any CPU
		{0AB7CD19-C34E-45F8-8244-53B07CE54AA7}.Release|ARM.Build.0 = Release|Any CPU
		{0AB7CD19-C34E-45F8-8244-53B07CE54AA7}.Release|iPhone.ActiveCfg = Release|Any CPU
		{0AB7CD19-C34E-45F8-8244-53B07CE54AA7}.Release|iPhone.Build.0 = Release|Any CPU
		{0AB7CD19-C34E-45F8-8244-53B07CE54AA7}.Release|iPhoneSimulator.ActiveCfg = Release|Any CPU
		{0AB7CD19-C34E-45F8-8244-53B07CE54AA7}.Release|iPhoneSimulator.Build.0 = Release|Any CPU
		{0AB7CD19-C34E-45F8-8244-53B07CE54AA7}.Release|x64.ActiveCfg = Release|Any CPU
		{0AB7CD19-C34E-45F8-8244-53B07CE54AA7}.Release|x64.Build.0 = Release|Any CPU
		{0AB7CD19-C34E-45F8-8244-53B07CE54AA7}.Release|x86.ActiveCfg = Release|Any CPU
		{0AB7CD19-C34E-45F8-8244-53B07CE54AA7}.Release|x86.Build.0 = Release|Any CPU
		{CACB150B-CF8C-473D-AAAC-DE0B7CA94896}.Ad-Hoc|Any CPU.ActiveCfg = Release|Any CPU
		{CACB150B-CF8C-473D-AAAC-DE0B7CA94896}.Ad-Hoc|Any CPU.Build.0 = Release|Any CPU
		{CACB150B-CF8C-473D-AAAC-DE0B7CA94896}.Ad-Hoc|ARM.ActiveCfg = Release|Any CPU
		{CACB150B-CF8C-473D-AAAC-DE0B7CA94896}.Ad-Hoc|ARM.Build.0 = Release|Any CPU
		{CACB150B-CF8C-473D-AAAC-DE0B7CA94896}.Ad-Hoc|iPhone.ActiveCfg = Release|Any CPU
		{CACB150B-CF8C-473D-AAAC-DE0B7CA94896}.Ad-Hoc|iPhone.Build.0 = Release|Any CPU
		{CACB150B-CF8C-473D-AAAC-DE0B7CA94896}.Ad-Hoc|iPhoneSimulator.ActiveCfg = Release|Any CPU
		{CACB150B-CF8C-473D-AAAC-DE0B7CA94896}.Ad-Hoc|iPhoneSimulator.Build.0 = Release|Any CPU
		{CACB150B-CF8C-473D-AAAC-DE0B7CA94896}.Ad-Hoc|x64.ActiveCfg = Release|Any CPU
		{CACB150B-CF8C-473D-AAAC-DE0B7CA94896}.Ad-Hoc|x64.Build.0 = Release|Any CPU
		{CACB150B-CF8C-473D-AAAC-DE0B7CA94896}.Ad-Hoc|x86.ActiveCfg = Release|Any CPU
		{CACB150B-CF8C-473D-AAAC-DE0B7CA94896}.Ad-Hoc|x86.Build.0 = Release|Any CPU
		{CACB150B-CF8C-473D-AAAC-DE0B7CA94896}.AppStore|Any CPU.ActiveCfg = Release|Any CPU
		{CACB150B-CF8C-473D-AAAC-DE0B7CA94896}.AppStore|Any CPU.Build.0 = Release|Any CPU
		{CACB150B-CF8C-473D-AAAC-DE0B7CA94896}.AppStore|ARM.ActiveCfg = Release|Any CPU
		{CACB150B-CF8C-473D-AAAC-DE0B7CA94896}.AppStore|ARM.Build.0 = Release|Any CPU
		{CACB150B-CF8C-473D-AAAC-DE0B7CA94896}.AppStore|iPhone.ActiveCfg = Release|Any CPU
		{CACB150B-CF8C-473D-AAAC-DE0B7CA94896}.AppStore|iPhone.Build.0 = Release|Any CPU
		{CACB150B-CF8C-473D-AAAC-DE0B7CA94896}.AppStore|iPhoneSimulator.ActiveCfg = Release|Any CPU
		{CACB150B-CF8C-473D-AAAC-DE0B7CA94896}.AppStore|iPhoneSimulator.Build.0 = Release|Any CPU
		{CACB150B-CF8C-473D-AAAC-DE0B7CA94896}.AppStore|x64.ActiveCfg = Release|Any CPU
		{CACB150B-CF8C-473D-AAAC-DE0B7CA94896}.AppStore|x64.Build.0 = Release|Any CPU
		{CACB150B-CF8C-473D-AAAC-DE0B7CA94896}.AppStore|x86.ActiveCfg = Release|Any CPU
		{CACB150B-CF8C-473D-AAAC-DE0B7CA94896}.AppStore|x86.Build.0 = Release|Any CPU
		{CACB150B-CF8C-473D-AAAC-DE0B7CA94896}.Debug|Any CPU.ActiveCfg = Debug|Any CPU
		{CACB150B-CF8C-473D-AAAC-DE0B7CA94896}.Debug|Any CPU.Build.0 = Debug|Any CPU
		{CACB150B-CF8C-473D-AAAC-DE0B7CA94896}.Debug|ARM.ActiveCfg = Debug|Any CPU
		{CACB150B-CF8C-473D-AAAC-DE0B7CA94896}.Debug|ARM.Build.0 = Debug|Any CPU
		{CACB150B-CF8C-473D-AAAC-DE0B7CA94896}.Debug|iPhone.ActiveCfg = Debug|Any CPU
		{CACB150B-CF8C-473D-AAAC-DE0B7CA94896}.Debug|iPhone.Build.0 = Debug|Any CPU
		{CACB150B-CF8C-473D-AAAC-DE0B7CA94896}.Debug|iPhoneSimulator.ActiveCfg = Debug|Any CPU
		{CACB150B-CF8C-473D-AAAC-DE0B7CA94896}.Debug|iPhoneSimulator.Build.0 = Debug|Any CPU
		{CACB150B-CF8C-473D-AAAC-DE0B7CA94896}.Debug|x64.ActiveCfg = Debug|Any CPU
		{CACB150B-CF8C-473D-AAAC-DE0B7CA94896}.Debug|x64.Build.0 = Debug|Any CPU
		{CACB150B-CF8C-473D-AAAC-DE0B7CA94896}.Debug|x86.ActiveCfg = Debug|Any CPU
		{CACB150B-CF8C-473D-AAAC-DE0B7CA94896}.Debug|x86.Build.0 = Debug|Any CPU
		{CACB150B-CF8C-473D-AAAC-DE0B7CA94896}.Release|Any CPU.ActiveCfg = Release|Any CPU
		{CACB150B-CF8C-473D-AAAC-DE0B7CA94896}.Release|Any CPU.Build.0 = Release|Any CPU
		{CACB150B-CF8C-473D-AAAC-DE0B7CA94896}.Release|ARM.ActiveCfg = Release|Any CPU
		{CACB150B-CF8C-473D-AAAC-DE0B7CA94896}.Release|ARM.Build.0 = Release|Any CPU
		{CACB150B-CF8C-473D-AAAC-DE0B7CA94896}.Release|iPhone.ActiveCfg = Release|Any CPU
		{CACB150B-CF8C-473D-AAAC-DE0B7CA94896}.Release|iPhone.Build.0 = Release|Any CPU
		{CACB150B-CF8C-473D-AAAC-DE0B7CA94896}.Release|iPhoneSimulator.ActiveCfg = Release|Any CPU
		{CACB150B-CF8C-473D-AAAC-DE0B7CA94896}.Release|iPhoneSimulator.Build.0 = Release|Any CPU
		{CACB150B-CF8C-473D-AAAC-DE0B7CA94896}.Release|x64.ActiveCfg = Release|Any CPU
		{CACB150B-CF8C-473D-AAAC-DE0B7CA94896}.Release|x64.Build.0 = Release|Any CPU
		{CACB150B-CF8C-473D-AAAC-DE0B7CA94896}.Release|x86.ActiveCfg = Release|Any CPU
		{CACB150B-CF8C-473D-AAAC-DE0B7CA94896}.Release|x86.Build.0 = Release|Any CPU
		{E0978780-B0DC-47DA-9736-2781F15A65E9}.Ad-Hoc|Any CPU.ActiveCfg = Release|Any CPU
		{E0978780-B0DC-47DA-9736-2781F15A65E9}.Ad-Hoc|Any CPU.Build.0 = Release|Any CPU
		{E0978780-B0DC-47DA-9736-2781F15A65E9}.Ad-Hoc|ARM.ActiveCfg = Release|Any CPU
		{E0978780-B0DC-47DA-9736-2781F15A65E9}.Ad-Hoc|ARM.Build.0 = Release|Any CPU
		{E0978780-B0DC-47DA-9736-2781F15A65E9}.Ad-Hoc|iPhone.ActiveCfg = Release|Any CPU
		{E0978780-B0DC-47DA-9736-2781F15A65E9}.Ad-Hoc|iPhone.Build.0 = Release|Any CPU
		{E0978780-B0DC-47DA-9736-2781F15A65E9}.Ad-Hoc|iPhoneSimulator.ActiveCfg = Release|Any CPU
		{E0978780-B0DC-47DA-9736-2781F15A65E9}.Ad-Hoc|iPhoneSimulator.Build.0 = Release|Any CPU
		{E0978780-B0DC-47DA-9736-2781F15A65E9}.Ad-Hoc|x64.ActiveCfg = Release|Any CPU
		{E0978780-B0DC-47DA-9736-2781F15A65E9}.Ad-Hoc|x64.Build.0 = Release|Any CPU
		{E0978780-B0DC-47DA-9736-2781F15A65E9}.Ad-Hoc|x86.ActiveCfg = Release|Any CPU
		{E0978780-B0DC-47DA-9736-2781F15A65E9}.Ad-Hoc|x86.Build.0 = Release|Any CPU
		{E0978780-B0DC-47DA-9736-2781F15A65E9}.AppStore|Any CPU.ActiveCfg = Release|Any CPU
		{E0978780-B0DC-47DA-9736-2781F15A65E9}.AppStore|Any CPU.Build.0 = Release|Any CPU
		{E0978780-B0DC-47DA-9736-2781F15A65E9}.AppStore|ARM.ActiveCfg = Release|Any CPU
		{E0978780-B0DC-47DA-9736-2781F15A65E9}.AppStore|ARM.Build.0 = Release|Any CPU
		{E0978780-B0DC-47DA-9736-2781F15A65E9}.AppStore|iPhone.ActiveCfg = Release|Any CPU
		{E0978780-B0DC-47DA-9736-2781F15A65E9}.AppStore|iPhone.Build.0 = Release|Any CPU
		{E0978780-B0DC-47DA-9736-2781F15A65E9}.AppStore|iPhoneSimulator.ActiveCfg = Release|Any CPU
		{E0978780-B0DC-47DA-9736-2781F15A65E9}.AppStore|iPhoneSimulator.Build.0 = Release|Any CPU
		{E0978780-B0DC-47DA-9736-2781F15A65E9}.AppStore|x64.ActiveCfg = Release|Any CPU
		{E0978780-B0DC-47DA-9736-2781F15A65E9}.AppStore|x64.Build.0 = Release|Any CPU
		{E0978780-B0DC-47DA-9736-2781F15A65E9}.AppStore|x86.ActiveCfg = Release|Any CPU
		{E0978780-B0DC-47DA-9736-2781F15A65E9}.AppStore|x86.Build.0 = Release|Any CPU
		{E0978780-B0DC-47DA-9736-2781F15A65E9}.Debug|Any CPU.ActiveCfg = Debug|Any CPU
		{E0978780-B0DC-47DA-9736-2781F15A65E9}.Debug|Any CPU.Build.0 = Debug|Any CPU
		{E0978780-B0DC-47DA-9736-2781F15A65E9}.Debug|ARM.ActiveCfg = Debug|Any CPU
		{E0978780-B0DC-47DA-9736-2781F15A65E9}.Debug|ARM.Build.0 = Debug|Any CPU
		{E0978780-B0DC-47DA-9736-2781F15A65E9}.Debug|iPhone.ActiveCfg = Debug|Any CPU
		{E0978780-B0DC-47DA-9736-2781F15A65E9}.Debug|iPhone.Build.0 = Debug|Any CPU
		{E0978780-B0DC-47DA-9736-2781F15A65E9}.Debug|iPhoneSimulator.ActiveCfg = Debug|Any CPU
		{E0978780-B0DC-47DA-9736-2781F15A65E9}.Debug|iPhoneSimulator.Build.0 = Debug|Any CPU
		{E0978780-B0DC-47DA-9736-2781F15A65E9}.Debug|x64.ActiveCfg = Debug|Any CPU
		{E0978780-B0DC-47DA-9736-2781F15A65E9}.Debug|x64.Build.0 = Debug|Any CPU
		{E0978780-B0DC-47DA-9736-2781F15A65E9}.Debug|x86.ActiveCfg = Debug|Any CPU
		{E0978780-B0DC-47DA-9736-2781F15A65E9}.Debug|x86.Build.0 = Debug|Any CPU
		{E0978780-B0DC-47DA-9736-2781F15A65E9}.Release|Any CPU.ActiveCfg = Release|Any CPU
		{E0978780-B0DC-47DA-9736-2781F15A65E9}.Release|Any CPU.Build.0 = Release|Any CPU
		{E0978780-B0DC-47DA-9736-2781F15A65E9}.Release|ARM.ActiveCfg = Release|Any CPU
		{E0978780-B0DC-47DA-9736-2781F15A65E9}.Release|ARM.Build.0 = Release|Any CPU
		{E0978780-B0DC-47DA-9736-2781F15A65E9}.Release|iPhone.ActiveCfg = Release|Any CPU
		{E0978780-B0DC-47DA-9736-2781F15A65E9}.Release|iPhone.Build.0 = Release|Any CPU
		{E0978780-B0DC-47DA-9736-2781F15A65E9}.Release|iPhoneSimulator.ActiveCfg = Release|Any CPU
		{E0978780-B0DC-47DA-9736-2781F15A65E9}.Release|iPhoneSimulator.Build.0 = Release|Any CPU
		{E0978780-B0DC-47DA-9736-2781F15A65E9}.Release|x64.ActiveCfg = Release|Any CPU
		{E0978780-B0DC-47DA-9736-2781F15A65E9}.Release|x64.Build.0 = Release|Any CPU
		{E0978780-B0DC-47DA-9736-2781F15A65E9}.Release|x86.ActiveCfg = Release|Any CPU
		{E0978780-B0DC-47DA-9736-2781F15A65E9}.Release|x86.Build.0 = Release|Any CPU
		{5CD2ED0A-B502-4589-A585-6F30B32427CC}.Ad-Hoc|Any CPU.ActiveCfg = Release|Any CPU
		{5CD2ED0A-B502-4589-A585-6F30B32427CC}.Ad-Hoc|Any CPU.Build.0 = Release|Any CPU
		{5CD2ED0A-B502-4589-A585-6F30B32427CC}.Ad-Hoc|ARM.ActiveCfg = Release|Any CPU
		{5CD2ED0A-B502-4589-A585-6F30B32427CC}.Ad-Hoc|ARM.Build.0 = Release|Any CPU
		{5CD2ED0A-B502-4589-A585-6F30B32427CC}.Ad-Hoc|iPhone.ActiveCfg = Release|Any CPU
		{5CD2ED0A-B502-4589-A585-6F30B32427CC}.Ad-Hoc|iPhone.Build.0 = Release|Any CPU
		{5CD2ED0A-B502-4589-A585-6F30B32427CC}.Ad-Hoc|iPhoneSimulator.ActiveCfg = Release|Any CPU
		{5CD2ED0A-B502-4589-A585-6F30B32427CC}.Ad-Hoc|iPhoneSimulator.Build.0 = Release|Any CPU
		{5CD2ED0A-B502-4589-A585-6F30B32427CC}.Ad-Hoc|x64.ActiveCfg = Release|Any CPU
		{5CD2ED0A-B502-4589-A585-6F30B32427CC}.Ad-Hoc|x64.Build.0 = Release|Any CPU
		{5CD2ED0A-B502-4589-A585-6F30B32427CC}.Ad-Hoc|x86.ActiveCfg = Release|Any CPU
		{5CD2ED0A-B502-4589-A585-6F30B32427CC}.Ad-Hoc|x86.Build.0 = Release|Any CPU
		{5CD2ED0A-B502-4589-A585-6F30B32427CC}.AppStore|Any CPU.ActiveCfg = Release|Any CPU
		{5CD2ED0A-B502-4589-A585-6F30B32427CC}.AppStore|Any CPU.Build.0 = Release|Any CPU
		{5CD2ED0A-B502-4589-A585-6F30B32427CC}.AppStore|ARM.ActiveCfg = Release|Any CPU
		{5CD2ED0A-B502-4589-A585-6F30B32427CC}.AppStore|ARM.Build.0 = Release|Any CPU
		{5CD2ED0A-B502-4589-A585-6F30B32427CC}.AppStore|iPhone.ActiveCfg = Release|Any CPU
		{5CD2ED0A-B502-4589-A585-6F30B32427CC}.AppStore|iPhone.Build.0 = Release|Any CPU
		{5CD2ED0A-B502-4589-A585-6F30B32427CC}.AppStore|iPhoneSimulator.ActiveCfg = Release|Any CPU
		{5CD2ED0A-B502-4589-A585-6F30B32427CC}.AppStore|iPhoneSimulator.Build.0 = Release|Any CPU
		{5CD2ED0A-B502-4589-A585-6F30B32427CC}.AppStore|x64.ActiveCfg = Release|Any CPU
		{5CD2ED0A-B502-4589-A585-6F30B32427CC}.AppStore|x64.Build.0 = Release|Any CPU
		{5CD2ED0A-B502-4589-A585-6F30B32427CC}.AppStore|x86.ActiveCfg = Release|Any CPU
		{5CD2ED0A-B502-4589-A585-6F30B32427CC}.AppStore|x86.Build.0 = Release|Any CPU
		{5CD2ED0A-B502-4589-A585-6F30B32427CC}.Debug|Any CPU.ActiveCfg = Debug|Any CPU
		{5CD2ED0A-B502-4589-A585-6F30B32427CC}.Debug|Any CPU.Build.0 = Debug|Any CPU
		{5CD2ED0A-B502-4589-A585-6F30B32427CC}.Debug|ARM.ActiveCfg = Debug|Any CPU
		{5CD2ED0A-B502-4589-A585-6F30B32427CC}.Debug|ARM.Build.0 = Debug|Any CPU
		{5CD2ED0A-B502-4589-A585-6F30B32427CC}.Debug|iPhone.ActiveCfg = Debug|Any CPU
		{5CD2ED0A-B502-4589-A585-6F30B32427CC}.Debug|iPhone.Build.0 = Debug|Any CPU
		{5CD2ED0A-B502-4589-A585-6F30B32427CC}.Debug|iPhoneSimulator.ActiveCfg = Debug|Any CPU
		{5CD2ED0A-B502-4589-A585-6F30B32427CC}.Debug|iPhoneSimulator.Build.0 = Debug|Any CPU
		{5CD2ED0A-B502-4589-A585-6F30B32427CC}.Debug|x64.ActiveCfg = Debug|Any CPU
		{5CD2ED0A-B502-4589-A585-6F30B32427CC}.Debug|x64.Build.0 = Debug|Any CPU
		{5CD2ED0A-B502-4589-A585-6F30B32427CC}.Debug|x86.ActiveCfg = Debug|Any CPU
		{5CD2ED0A-B502-4589-A585-6F30B32427CC}.Debug|x86.Build.0 = Debug|Any CPU
		{5CD2ED0A-B502-4589-A585-6F30B32427CC}.Release|Any CPU.ActiveCfg = Release|Any CPU
		{5CD2ED0A-B502-4589-A585-6F30B32427CC}.Release|Any CPU.Build.0 = Release|Any CPU
		{5CD2ED0A-B502-4589-A585-6F30B32427CC}.Release|ARM.ActiveCfg = Release|Any CPU
		{5CD2ED0A-B502-4589-A585-6F30B32427CC}.Release|ARM.Build.0 = Release|Any CPU
		{5CD2ED0A-B502-4589-A585-6F30B32427CC}.Release|iPhone.ActiveCfg = Release|Any CPU
		{5CD2ED0A-B502-4589-A585-6F30B32427CC}.Release|iPhone.Build.0 = Release|Any CPU
		{5CD2ED0A-B502-4589-A585-6F30B32427CC}.Release|iPhoneSimulator.ActiveCfg = Release|Any CPU
		{5CD2ED0A-B502-4589-A585-6F30B32427CC}.Release|iPhoneSimulator.Build.0 = Release|Any CPU
		{5CD2ED0A-B502-4589-A585-6F30B32427CC}.Release|x64.ActiveCfg = Release|Any CPU
		{5CD2ED0A-B502-4589-A585-6F30B32427CC}.Release|x64.Build.0 = Release|Any CPU
		{5CD2ED0A-B502-4589-A585-6F30B32427CC}.Release|x86.ActiveCfg = Release|Any CPU
		{5CD2ED0A-B502-4589-A585-6F30B32427CC}.Release|x86.Build.0 = Release|Any CPU
		{3DB2DD3B-1C76-427F-977B-D85F9AF9EE3D}.Ad-Hoc|Any CPU.ActiveCfg = Release|Any CPU
		{3DB2DD3B-1C76-427F-977B-D85F9AF9EE3D}.Ad-Hoc|Any CPU.Build.0 = Release|Any CPU
		{3DB2DD3B-1C76-427F-977B-D85F9AF9EE3D}.Ad-Hoc|Any CPU.Deploy.0 = Release|Any CPU
		{3DB2DD3B-1C76-427F-977B-D85F9AF9EE3D}.Ad-Hoc|ARM.ActiveCfg = Release|Any CPU
		{3DB2DD3B-1C76-427F-977B-D85F9AF9EE3D}.Ad-Hoc|ARM.Build.0 = Release|Any CPU
		{3DB2DD3B-1C76-427F-977B-D85F9AF9EE3D}.Ad-Hoc|ARM.Deploy.0 = Release|Any CPU
		{3DB2DD3B-1C76-427F-977B-D85F9AF9EE3D}.Ad-Hoc|iPhone.ActiveCfg = Release|Any CPU
		{3DB2DD3B-1C76-427F-977B-D85F9AF9EE3D}.Ad-Hoc|iPhone.Build.0 = Release|Any CPU
		{3DB2DD3B-1C76-427F-977B-D85F9AF9EE3D}.Ad-Hoc|iPhone.Deploy.0 = Release|Any CPU
		{3DB2DD3B-1C76-427F-977B-D85F9AF9EE3D}.Ad-Hoc|iPhoneSimulator.ActiveCfg = Release|Any CPU
		{3DB2DD3B-1C76-427F-977B-D85F9AF9EE3D}.Ad-Hoc|iPhoneSimulator.Build.0 = Release|Any CPU
		{3DB2DD3B-1C76-427F-977B-D85F9AF9EE3D}.Ad-Hoc|iPhoneSimulator.Deploy.0 = Release|Any CPU
		{3DB2DD3B-1C76-427F-977B-D85F9AF9EE3D}.Ad-Hoc|x64.ActiveCfg = Release|Any CPU
		{3DB2DD3B-1C76-427F-977B-D85F9AF9EE3D}.Ad-Hoc|x64.Build.0 = Release|Any CPU
		{3DB2DD3B-1C76-427F-977B-D85F9AF9EE3D}.Ad-Hoc|x64.Deploy.0 = Release|Any CPU
		{3DB2DD3B-1C76-427F-977B-D85F9AF9EE3D}.Ad-Hoc|x86.ActiveCfg = Release|Any CPU
		{3DB2DD3B-1C76-427F-977B-D85F9AF9EE3D}.Ad-Hoc|x86.Build.0 = Release|Any CPU
		{3DB2DD3B-1C76-427F-977B-D85F9AF9EE3D}.Ad-Hoc|x86.Deploy.0 = Release|Any CPU
		{3DB2DD3B-1C76-427F-977B-D85F9AF9EE3D}.AppStore|Any CPU.ActiveCfg = Release|Any CPU
		{3DB2DD3B-1C76-427F-977B-D85F9AF9EE3D}.AppStore|Any CPU.Build.0 = Release|Any CPU
		{3DB2DD3B-1C76-427F-977B-D85F9AF9EE3D}.AppStore|Any CPU.Deploy.0 = Release|Any CPU
		{3DB2DD3B-1C76-427F-977B-D85F9AF9EE3D}.AppStore|ARM.ActiveCfg = Release|Any CPU
		{3DB2DD3B-1C76-427F-977B-D85F9AF9EE3D}.AppStore|ARM.Build.0 = Release|Any CPU
		{3DB2DD3B-1C76-427F-977B-D85F9AF9EE3D}.AppStore|ARM.Deploy.0 = Release|Any CPU
		{3DB2DD3B-1C76-427F-977B-D85F9AF9EE3D}.AppStore|iPhone.ActiveCfg = Release|Any CPU
		{3DB2DD3B-1C76-427F-977B-D85F9AF9EE3D}.AppStore|iPhone.Build.0 = Release|Any CPU
		{3DB2DD3B-1C76-427F-977B-D85F9AF9EE3D}.AppStore|iPhone.Deploy.0 = Release|Any CPU
		{3DB2DD3B-1C76-427F-977B-D85F9AF9EE3D}.AppStore|iPhoneSimulator.ActiveCfg = Release|Any CPU
		{3DB2DD3B-1C76-427F-977B-D85F9AF9EE3D}.AppStore|iPhoneSimulator.Build.0 = Release|Any CPU
		{3DB2DD3B-1C76-427F-977B-D85F9AF9EE3D}.AppStore|iPhoneSimulator.Deploy.0 = Release|Any CPU
		{3DB2DD3B-1C76-427F-977B-D85F9AF9EE3D}.AppStore|x64.ActiveCfg = Release|Any CPU
		{3DB2DD3B-1C76-427F-977B-D85F9AF9EE3D}.AppStore|x64.Build.0 = Release|Any CPU
		{3DB2DD3B-1C76-427F-977B-D85F9AF9EE3D}.AppStore|x64.Deploy.0 = Release|Any CPU
		{3DB2DD3B-1C76-427F-977B-D85F9AF9EE3D}.AppStore|x86.ActiveCfg = Release|Any CPU
		{3DB2DD3B-1C76-427F-977B-D85F9AF9EE3D}.AppStore|x86.Build.0 = Release|Any CPU
		{3DB2DD3B-1C76-427F-977B-D85F9AF9EE3D}.AppStore|x86.Deploy.0 = Release|Any CPU
		{3DB2DD3B-1C76-427F-977B-D85F9AF9EE3D}.Debug|Any CPU.ActiveCfg = Debug|Any CPU
		{3DB2DD3B-1C76-427F-977B-D85F9AF9EE3D}.Debug|Any CPU.Build.0 = Debug|Any CPU
		{3DB2DD3B-1C76-427F-977B-D85F9AF9EE3D}.Debug|Any CPU.Deploy.0 = Debug|Any CPU
		{3DB2DD3B-1C76-427F-977B-D85F9AF9EE3D}.Debug|ARM.ActiveCfg = Debug|Any CPU
		{3DB2DD3B-1C76-427F-977B-D85F9AF9EE3D}.Debug|ARM.Build.0 = Debug|Any CPU
		{3DB2DD3B-1C76-427F-977B-D85F9AF9EE3D}.Debug|ARM.Deploy.0 = Debug|Any CPU
		{3DB2DD3B-1C76-427F-977B-D85F9AF9EE3D}.Debug|iPhone.ActiveCfg = Debug|Any CPU
		{3DB2DD3B-1C76-427F-977B-D85F9AF9EE3D}.Debug|iPhone.Build.0 = Debug|Any CPU
		{3DB2DD3B-1C76-427F-977B-D85F9AF9EE3D}.Debug|iPhone.Deploy.0 = Debug|Any CPU
		{3DB2DD3B-1C76-427F-977B-D85F9AF9EE3D}.Debug|iPhoneSimulator.ActiveCfg = Debug|Any CPU
		{3DB2DD3B-1C76-427F-977B-D85F9AF9EE3D}.Debug|iPhoneSimulator.Build.0 = Debug|Any CPU
		{3DB2DD3B-1C76-427F-977B-D85F9AF9EE3D}.Debug|iPhoneSimulator.Deploy.0 = Debug|Any CPU
		{3DB2DD3B-1C76-427F-977B-D85F9AF9EE3D}.Debug|x64.ActiveCfg = Debug|Any CPU
		{3DB2DD3B-1C76-427F-977B-D85F9AF9EE3D}.Debug|x64.Build.0 = Debug|Any CPU
		{3DB2DD3B-1C76-427F-977B-D85F9AF9EE3D}.Debug|x64.Deploy.0 = Debug|Any CPU
		{3DB2DD3B-1C76-427F-977B-D85F9AF9EE3D}.Debug|x86.ActiveCfg = Debug|Any CPU
		{3DB2DD3B-1C76-427F-977B-D85F9AF9EE3D}.Debug|x86.Build.0 = Debug|Any CPU
		{3DB2DD3B-1C76-427F-977B-D85F9AF9EE3D}.Debug|x86.Deploy.0 = Debug|Any CPU
		{3DB2DD3B-1C76-427F-977B-D85F9AF9EE3D}.Release|Any CPU.ActiveCfg = Release|Any CPU
		{3DB2DD3B-1C76-427F-977B-D85F9AF9EE3D}.Release|Any CPU.Build.0 = Release|Any CPU
		{3DB2DD3B-1C76-427F-977B-D85F9AF9EE3D}.Release|Any CPU.Deploy.0 = Release|Any CPU
		{3DB2DD3B-1C76-427F-977B-D85F9AF9EE3D}.Release|ARM.ActiveCfg = Release|Any CPU
		{3DB2DD3B-1C76-427F-977B-D85F9AF9EE3D}.Release|ARM.Build.0 = Release|Any CPU
		{3DB2DD3B-1C76-427F-977B-D85F9AF9EE3D}.Release|ARM.Deploy.0 = Release|Any CPU
		{3DB2DD3B-1C76-427F-977B-D85F9AF9EE3D}.Release|iPhone.ActiveCfg = Release|Any CPU
		{3DB2DD3B-1C76-427F-977B-D85F9AF9EE3D}.Release|iPhone.Build.0 = Release|Any CPU
		{3DB2DD3B-1C76-427F-977B-D85F9AF9EE3D}.Release|iPhone.Deploy.0 = Release|Any CPU
		{3DB2DD3B-1C76-427F-977B-D85F9AF9EE3D}.Release|iPhoneSimulator.ActiveCfg = Release|Any CPU
		{3DB2DD3B-1C76-427F-977B-D85F9AF9EE3D}.Release|iPhoneSimulator.Build.0 = Release|Any CPU
		{3DB2DD3B-1C76-427F-977B-D85F9AF9EE3D}.Release|iPhoneSimulator.Deploy.0 = Release|Any CPU
		{3DB2DD3B-1C76-427F-977B-D85F9AF9EE3D}.Release|x64.ActiveCfg = Release|Any CPU
		{3DB2DD3B-1C76-427F-977B-D85F9AF9EE3D}.Release|x64.Build.0 = Release|Any CPU
		{3DB2DD3B-1C76-427F-977B-D85F9AF9EE3D}.Release|x64.Deploy.0 = Release|Any CPU
		{3DB2DD3B-1C76-427F-977B-D85F9AF9EE3D}.Release|x86.ActiveCfg = Release|Any CPU
		{3DB2DD3B-1C76-427F-977B-D85F9AF9EE3D}.Release|x86.Build.0 = Release|Any CPU
		{3DB2DD3B-1C76-427F-977B-D85F9AF9EE3D}.Release|x86.Deploy.0 = Release|Any CPU
		{3FA7E521-13B7-4D29-9FB6-1315B9ECB692}.Ad-Hoc|Any CPU.ActiveCfg = Ad-Hoc|iPhone
		{3FA7E521-13B7-4D29-9FB6-1315B9ECB692}.Ad-Hoc|ARM.ActiveCfg = Ad-Hoc|iPhone
		{3FA7E521-13B7-4D29-9FB6-1315B9ECB692}.Ad-Hoc|iPhone.ActiveCfg = Ad-Hoc|iPhone
		{3FA7E521-13B7-4D29-9FB6-1315B9ECB692}.Ad-Hoc|iPhone.Build.0 = Ad-Hoc|iPhone
		{3FA7E521-13B7-4D29-9FB6-1315B9ECB692}.Ad-Hoc|iPhoneSimulator.ActiveCfg = Ad-Hoc|iPhoneSimulator
		{3FA7E521-13B7-4D29-9FB6-1315B9ECB692}.Ad-Hoc|iPhoneSimulator.Build.0 = Ad-Hoc|iPhoneSimulator
		{3FA7E521-13B7-4D29-9FB6-1315B9ECB692}.Ad-Hoc|x64.ActiveCfg = Ad-Hoc|iPhone
		{3FA7E521-13B7-4D29-9FB6-1315B9ECB692}.Ad-Hoc|x86.ActiveCfg = Ad-Hoc|iPhone
		{3FA7E521-13B7-4D29-9FB6-1315B9ECB692}.AppStore|Any CPU.ActiveCfg = AppStore|iPhone
		{3FA7E521-13B7-4D29-9FB6-1315B9ECB692}.AppStore|ARM.ActiveCfg = AppStore|iPhone
		{3FA7E521-13B7-4D29-9FB6-1315B9ECB692}.AppStore|iPhone.ActiveCfg = AppStore|iPhone
		{3FA7E521-13B7-4D29-9FB6-1315B9ECB692}.AppStore|iPhone.Build.0 = AppStore|iPhone
		{3FA7E521-13B7-4D29-9FB6-1315B9ECB692}.AppStore|iPhoneSimulator.ActiveCfg = AppStore|iPhoneSimulator
		{3FA7E521-13B7-4D29-9FB6-1315B9ECB692}.AppStore|iPhoneSimulator.Build.0 = AppStore|iPhoneSimulator
		{3FA7E521-13B7-4D29-9FB6-1315B9ECB692}.AppStore|x64.ActiveCfg = AppStore|iPhone
		{3FA7E521-13B7-4D29-9FB6-1315B9ECB692}.AppStore|x86.ActiveCfg = AppStore|iPhone
		{3FA7E521-13B7-4D29-9FB6-1315B9ECB692}.Debug|Any CPU.ActiveCfg = Debug|iPhone
		{3FA7E521-13B7-4D29-9FB6-1315B9ECB692}.Debug|ARM.ActiveCfg = Debug|iPhone
		{3FA7E521-13B7-4D29-9FB6-1315B9ECB692}.Debug|iPhone.ActiveCfg = Debug|iPhone
		{3FA7E521-13B7-4D29-9FB6-1315B9ECB692}.Debug|iPhone.Build.0 = Debug|iPhone
		{3FA7E521-13B7-4D29-9FB6-1315B9ECB692}.Debug|iPhoneSimulator.ActiveCfg = Debug|iPhoneSimulator
		{3FA7E521-13B7-4D29-9FB6-1315B9ECB692}.Debug|iPhoneSimulator.Build.0 = Debug|iPhoneSimulator
		{3FA7E521-13B7-4D29-9FB6-1315B9ECB692}.Debug|x64.ActiveCfg = Debug|iPhone
		{3FA7E521-13B7-4D29-9FB6-1315B9ECB692}.Debug|x86.ActiveCfg = Debug|iPhone
		{3FA7E521-13B7-4D29-9FB6-1315B9ECB692}.Release|Any CPU.ActiveCfg = Release|iPhone
		{3FA7E521-13B7-4D29-9FB6-1315B9ECB692}.Release|ARM.ActiveCfg = Release|iPhone
		{3FA7E521-13B7-4D29-9FB6-1315B9ECB692}.Release|iPhone.ActiveCfg = Release|iPhone
		{3FA7E521-13B7-4D29-9FB6-1315B9ECB692}.Release|iPhone.Build.0 = Release|iPhone
		{3FA7E521-13B7-4D29-9FB6-1315B9ECB692}.Release|iPhoneSimulator.ActiveCfg = Release|iPhoneSimulator
		{3FA7E521-13B7-4D29-9FB6-1315B9ECB692}.Release|iPhoneSimulator.Build.0 = Release|iPhoneSimulator
		{3FA7E521-13B7-4D29-9FB6-1315B9ECB692}.Release|x64.ActiveCfg = Release|iPhone
		{3FA7E521-13B7-4D29-9FB6-1315B9ECB692}.Release|x86.ActiveCfg = Release|iPhone
		{307C227A-C3F6-4552-9747-22A7CDF6E4DB}.Ad-Hoc|Any CPU.ActiveCfg = Release|x86
		{307C227A-C3F6-4552-9747-22A7CDF6E4DB}.Ad-Hoc|Any CPU.Build.0 = Release|x86
		{307C227A-C3F6-4552-9747-22A7CDF6E4DB}.Ad-Hoc|Any CPU.Deploy.0 = Release|x86
		{307C227A-C3F6-4552-9747-22A7CDF6E4DB}.Ad-Hoc|ARM.ActiveCfg = Release|ARM
		{307C227A-C3F6-4552-9747-22A7CDF6E4DB}.Ad-Hoc|ARM.Build.0 = Release|ARM
		{307C227A-C3F6-4552-9747-22A7CDF6E4DB}.Ad-Hoc|ARM.Deploy.0 = Release|ARM
		{307C227A-C3F6-4552-9747-22A7CDF6E4DB}.Ad-Hoc|iPhone.ActiveCfg = Release|x86
		{307C227A-C3F6-4552-9747-22A7CDF6E4DB}.Ad-Hoc|iPhone.Build.0 = Release|x86
		{307C227A-C3F6-4552-9747-22A7CDF6E4DB}.Ad-Hoc|iPhone.Deploy.0 = Release|x86
		{307C227A-C3F6-4552-9747-22A7CDF6E4DB}.Ad-Hoc|iPhoneSimulator.ActiveCfg = Release|x86
		{307C227A-C3F6-4552-9747-22A7CDF6E4DB}.Ad-Hoc|iPhoneSimulator.Build.0 = Release|x86
		{307C227A-C3F6-4552-9747-22A7CDF6E4DB}.Ad-Hoc|iPhoneSimulator.Deploy.0 = Release|x86
		{307C227A-C3F6-4552-9747-22A7CDF6E4DB}.Ad-Hoc|x64.ActiveCfg = Release|x64
		{307C227A-C3F6-4552-9747-22A7CDF6E4DB}.Ad-Hoc|x64.Build.0 = Release|x64
		{307C227A-C3F6-4552-9747-22A7CDF6E4DB}.Ad-Hoc|x64.Deploy.0 = Release|x64
		{307C227A-C3F6-4552-9747-22A7CDF6E4DB}.Ad-Hoc|x86.ActiveCfg = Release|x86
		{307C227A-C3F6-4552-9747-22A7CDF6E4DB}.Ad-Hoc|x86.Build.0 = Release|x86
		{307C227A-C3F6-4552-9747-22A7CDF6E4DB}.Ad-Hoc|x86.Deploy.0 = Release|x86
		{307C227A-C3F6-4552-9747-22A7CDF6E4DB}.AppStore|Any CPU.ActiveCfg = Release|x86
		{307C227A-C3F6-4552-9747-22A7CDF6E4DB}.AppStore|Any CPU.Build.0 = Release|x86
		{307C227A-C3F6-4552-9747-22A7CDF6E4DB}.AppStore|Any CPU.Deploy.0 = Release|x86
		{307C227A-C3F6-4552-9747-22A7CDF6E4DB}.AppStore|ARM.ActiveCfg = Release|ARM
		{307C227A-C3F6-4552-9747-22A7CDF6E4DB}.AppStore|ARM.Build.0 = Release|ARM
		{307C227A-C3F6-4552-9747-22A7CDF6E4DB}.AppStore|ARM.Deploy.0 = Release|ARM
		{307C227A-C3F6-4552-9747-22A7CDF6E4DB}.AppStore|iPhone.ActiveCfg = Release|x86
		{307C227A-C3F6-4552-9747-22A7CDF6E4DB}.AppStore|iPhone.Build.0 = Release|x86
		{307C227A-C3F6-4552-9747-22A7CDF6E4DB}.AppStore|iPhone.Deploy.0 = Release|x86
		{307C227A-C3F6-4552-9747-22A7CDF6E4DB}.AppStore|iPhoneSimulator.ActiveCfg = Release|x86
		{307C227A-C3F6-4552-9747-22A7CDF6E4DB}.AppStore|iPhoneSimulator.Build.0 = Release|x86
		{307C227A-C3F6-4552-9747-22A7CDF6E4DB}.AppStore|iPhoneSimulator.Deploy.0 = Release|x86
		{307C227A-C3F6-4552-9747-22A7CDF6E4DB}.AppStore|x64.ActiveCfg = Release|x64
		{307C227A-C3F6-4552-9747-22A7CDF6E4DB}.AppStore|x64.Build.0 = Release|x64
		{307C227A-C3F6-4552-9747-22A7CDF6E4DB}.AppStore|x64.Deploy.0 = Release|x64
		{307C227A-C3F6-4552-9747-22A7CDF6E4DB}.AppStore|x86.ActiveCfg = Release|x86
		{307C227A-C3F6-4552-9747-22A7CDF6E4DB}.AppStore|x86.Build.0 = Release|x86
		{307C227A-C3F6-4552-9747-22A7CDF6E4DB}.AppStore|x86.Deploy.0 = Release|x86
		{307C227A-C3F6-4552-9747-22A7CDF6E4DB}.Debug|Any CPU.ActiveCfg = Debug|x86
		{307C227A-C3F6-4552-9747-22A7CDF6E4DB}.Debug|ARM.ActiveCfg = Debug|ARM
		{307C227A-C3F6-4552-9747-22A7CDF6E4DB}.Debug|ARM.Build.0 = Debug|ARM
		{307C227A-C3F6-4552-9747-22A7CDF6E4DB}.Debug|ARM.Deploy.0 = Debug|ARM
		{307C227A-C3F6-4552-9747-22A7CDF6E4DB}.Debug|iPhone.ActiveCfg = Debug|x86
		{307C227A-C3F6-4552-9747-22A7CDF6E4DB}.Debug|iPhoneSimulator.ActiveCfg = Debug|x86
		{307C227A-C3F6-4552-9747-22A7CDF6E4DB}.Debug|x64.ActiveCfg = Debug|x64
		{307C227A-C3F6-4552-9747-22A7CDF6E4DB}.Debug|x64.Build.0 = Debug|x64
		{307C227A-C3F6-4552-9747-22A7CDF6E4DB}.Debug|x64.Deploy.0 = Debug|x64
		{307C227A-C3F6-4552-9747-22A7CDF6E4DB}.Debug|x86.ActiveCfg = Debug|x86
		{307C227A-C3F6-4552-9747-22A7CDF6E4DB}.Debug|x86.Build.0 = Debug|x86
		{307C227A-C3F6-4552-9747-22A7CDF6E4DB}.Debug|x86.Deploy.0 = Debug|x86
		{307C227A-C3F6-4552-9747-22A7CDF6E4DB}.Release|Any CPU.ActiveCfg = Release|x86
		{307C227A-C3F6-4552-9747-22A7CDF6E4DB}.Release|ARM.ActiveCfg = Release|ARM
		{307C227A-C3F6-4552-9747-22A7CDF6E4DB}.Release|ARM.Build.0 = Release|ARM
		{307C227A-C3F6-4552-9747-22A7CDF6E4DB}.Release|ARM.Deploy.0 = Release|ARM
		{307C227A-C3F6-4552-9747-22A7CDF6E4DB}.Release|iPhone.ActiveCfg = Release|x86
		{307C227A-C3F6-4552-9747-22A7CDF6E4DB}.Release|iPhoneSimulator.ActiveCfg = Release|x86
		{307C227A-C3F6-4552-9747-22A7CDF6E4DB}.Release|x64.ActiveCfg = Release|x64
		{307C227A-C3F6-4552-9747-22A7CDF6E4DB}.Release|x64.Build.0 = Release|x64
		{307C227A-C3F6-4552-9747-22A7CDF6E4DB}.Release|x64.Deploy.0 = Release|x64
		{307C227A-C3F6-4552-9747-22A7CDF6E4DB}.Release|x86.ActiveCfg = Release|x86
		{307C227A-C3F6-4552-9747-22A7CDF6E4DB}.Release|x86.Build.0 = Release|x86
		{307C227A-C3F6-4552-9747-22A7CDF6E4DB}.Release|x86.Deploy.0 = Release|x86
		{ABA86120-A1E2-4CEE-BA34-A48FE0CCBC92}.Ad-Hoc|Any CPU.ActiveCfg = Debug|Any CPU
		{ABA86120-A1E2-4CEE-BA34-A48FE0CCBC92}.Ad-Hoc|Any CPU.Build.0 = Debug|Any CPU
		{ABA86120-A1E2-4CEE-BA34-A48FE0CCBC92}.Ad-Hoc|ARM.ActiveCfg = Debug|Any CPU
		{ABA86120-A1E2-4CEE-BA34-A48FE0CCBC92}.Ad-Hoc|ARM.Build.0 = Debug|Any CPU
		{ABA86120-A1E2-4CEE-BA34-A48FE0CCBC92}.Ad-Hoc|iPhone.ActiveCfg = Debug|Any CPU
		{ABA86120-A1E2-4CEE-BA34-A48FE0CCBC92}.Ad-Hoc|iPhone.Build.0 = Debug|Any CPU
		{ABA86120-A1E2-4CEE-BA34-A48FE0CCBC92}.Ad-Hoc|iPhoneSimulator.ActiveCfg = Debug|Any CPU
		{ABA86120-A1E2-4CEE-BA34-A48FE0CCBC92}.Ad-Hoc|iPhoneSimulator.Build.0 = Debug|Any CPU
		{ABA86120-A1E2-4CEE-BA34-A48FE0CCBC92}.Ad-Hoc|x64.ActiveCfg = Debug|Any CPU
		{ABA86120-A1E2-4CEE-BA34-A48FE0CCBC92}.Ad-Hoc|x64.Build.0 = Debug|Any CPU
		{ABA86120-A1E2-4CEE-BA34-A48FE0CCBC92}.Ad-Hoc|x86.ActiveCfg = Debug|Any CPU
		{ABA86120-A1E2-4CEE-BA34-A48FE0CCBC92}.Ad-Hoc|x86.Build.0 = Debug|Any CPU
		{ABA86120-A1E2-4CEE-BA34-A48FE0CCBC92}.AppStore|Any CPU.ActiveCfg = Debug|Any CPU
		{ABA86120-A1E2-4CEE-BA34-A48FE0CCBC92}.AppStore|Any CPU.Build.0 = Debug|Any CPU
		{ABA86120-A1E2-4CEE-BA34-A48FE0CCBC92}.AppStore|ARM.ActiveCfg = Debug|Any CPU
		{ABA86120-A1E2-4CEE-BA34-A48FE0CCBC92}.AppStore|ARM.Build.0 = Debug|Any CPU
		{ABA86120-A1E2-4CEE-BA34-A48FE0CCBC92}.AppStore|iPhone.ActiveCfg = Debug|Any CPU
		{ABA86120-A1E2-4CEE-BA34-A48FE0CCBC92}.AppStore|iPhone.Build.0 = Debug|Any CPU
		{ABA86120-A1E2-4CEE-BA34-A48FE0CCBC92}.AppStore|iPhoneSimulator.ActiveCfg = Debug|Any CPU
		{ABA86120-A1E2-4CEE-BA34-A48FE0CCBC92}.AppStore|iPhoneSimulator.Build.0 = Debug|Any CPU
		{ABA86120-A1E2-4CEE-BA34-A48FE0CCBC92}.AppStore|x64.ActiveCfg = Debug|Any CPU
		{ABA86120-A1E2-4CEE-BA34-A48FE0CCBC92}.AppStore|x64.Build.0 = Debug|Any CPU
		{ABA86120-A1E2-4CEE-BA34-A48FE0CCBC92}.AppStore|x86.ActiveCfg = Debug|Any CPU
		{ABA86120-A1E2-4CEE-BA34-A48FE0CCBC92}.AppStore|x86.Build.0 = Debug|Any CPU
		{ABA86120-A1E2-4CEE-BA34-A48FE0CCBC92}.Debug|Any CPU.ActiveCfg = Debug|Any CPU
		{ABA86120-A1E2-4CEE-BA34-A48FE0CCBC92}.Debug|Any CPU.Build.0 = Debug|Any CPU
		{ABA86120-A1E2-4CEE-BA34-A48FE0CCBC92}.Debug|ARM.ActiveCfg = Debug|Any CPU
		{ABA86120-A1E2-4CEE-BA34-A48FE0CCBC92}.Debug|ARM.Build.0 = Debug|Any CPU
		{ABA86120-A1E2-4CEE-BA34-A48FE0CCBC92}.Debug|iPhone.ActiveCfg = Debug|Any CPU
		{ABA86120-A1E2-4CEE-BA34-A48FE0CCBC92}.Debug|iPhone.Build.0 = Debug|Any CPU
		{ABA86120-A1E2-4CEE-BA34-A48FE0CCBC92}.Debug|iPhoneSimulator.ActiveCfg = Debug|Any CPU
		{ABA86120-A1E2-4CEE-BA34-A48FE0CCBC92}.Debug|iPhoneSimulator.Build.0 = Debug|Any CPU
		{ABA86120-A1E2-4CEE-BA34-A48FE0CCBC92}.Debug|x64.ActiveCfg = Debug|Any CPU
		{ABA86120-A1E2-4CEE-BA34-A48FE0CCBC92}.Debug|x64.Build.0 = Debug|Any CPU
		{ABA86120-A1E2-4CEE-BA34-A48FE0CCBC92}.Debug|x86.ActiveCfg = Debug|Any CPU
		{ABA86120-A1E2-4CEE-BA34-A48FE0CCBC92}.Debug|x86.Build.0 = Debug|Any CPU
		{ABA86120-A1E2-4CEE-BA34-A48FE0CCBC92}.Release|Any CPU.ActiveCfg = Release|Any CPU
		{ABA86120-A1E2-4CEE-BA34-A48FE0CCBC92}.Release|Any CPU.Build.0 = Release|Any CPU
		{ABA86120-A1E2-4CEE-BA34-A48FE0CCBC92}.Release|ARM.ActiveCfg = Release|Any CPU
		{ABA86120-A1E2-4CEE-BA34-A48FE0CCBC92}.Release|ARM.Build.0 = Release|Any CPU
		{ABA86120-A1E2-4CEE-BA34-A48FE0CCBC92}.Release|iPhone.ActiveCfg = Release|Any CPU
		{ABA86120-A1E2-4CEE-BA34-A48FE0CCBC92}.Release|iPhone.Build.0 = Release|Any CPU
		{ABA86120-A1E2-4CEE-BA34-A48FE0CCBC92}.Release|iPhoneSimulator.ActiveCfg = Release|Any CPU
		{ABA86120-A1E2-4CEE-BA34-A48FE0CCBC92}.Release|iPhoneSimulator.Build.0 = Release|Any CPU
		{ABA86120-A1E2-4CEE-BA34-A48FE0CCBC92}.Release|x64.ActiveCfg = Release|Any CPU
		{ABA86120-A1E2-4CEE-BA34-A48FE0CCBC92}.Release|x64.Build.0 = Release|Any CPU
		{ABA86120-A1E2-4CEE-BA34-A48FE0CCBC92}.Release|x86.ActiveCfg = Release|Any CPU
		{ABA86120-A1E2-4CEE-BA34-A48FE0CCBC92}.Release|x86.Build.0 = Release|Any CPU
	EndGlobalSection
	GlobalSection(SolutionProperties) = preSolution
		HideSolutionNode = FALSE
	EndGlobalSection
	GlobalSection(NestedProjects) = preSolution
		{CACB150B-CF8C-473D-AAAC-DE0B7CA94896} = {4CD7609F-CFC7-4DBE-9BE2-2C305001FB84}
		{E0978780-B0DC-47DA-9736-2781F15A65E9} = {4CD7609F-CFC7-4DBE-9BE2-2C305001FB84}
		{3DB2DD3B-1C76-427F-977B-D85F9AF9EE3D} = {3D0367FC-8C58-45C7-BAF5-F3E96C9A334D}
		{3FA7E521-13B7-4D29-9FB6-1315B9ECB692} = {3D0367FC-8C58-45C7-BAF5-F3E96C9A334D}
		{307C227A-C3F6-4552-9747-22A7CDF6E4DB} = {3D0367FC-8C58-45C7-BAF5-F3E96C9A334D}
		{ABA86120-A1E2-4CEE-BA34-A48FE0CCBC92} = {3D0367FC-8C58-45C7-BAF5-F3E96C9A334D}
	EndGlobalSection
	GlobalSection(ExtensibilityGlobals) = postSolution
		SolutionGuid = {F72C3E14-C79B-4474-BA08-9A7E058F58B7}
	EndGlobalSection
EndGlobal
