
Microsoft Visual Studio Solution File, Format Version 12.00
# Visual Studio 15
VisualStudioVersion = 15.0.27130.2010
MinimumVisualStudioVersion = 10.0.40219.1
Project("{9A19103F-16F7-4668-BE54-9A1E7A4F7556}") = "Acr.EfCore", "Acr.EfCore\Acr.EfCore.csproj", "{75F8953F-2839-47CF-BD7E-563317D34889}"
EndProject
Project("{9A19103F-16F7-4668-BE54-9A1E7A4F7556}") = "Acr", "Acr\Acr.csproj", "{0AB7CD19-C34E-45F8-8244-53B07CE54AA7}"
EndProject
Project("{9A19103F-16F7-4668-BE54-9A1E7A4F7556}") = "Acr.Tests", "Acr.Tests\Acr.Tests.csproj", "{CACB150B-CF8C-473D-AAAC-DE0B7CA94896}"
EndProject
Project("{9A19103F-16F7-4668-BE54-9A1E7A4F7556}") = "Acr.EfCore.Tests", "Acr.EfCore.Tests\Acr.EfCore.Tests.csproj", "{E0978780-B0DC-47DA-9736-2781F15A65E9}"
EndProject
Project("{FAE04EC0-301F-11D3-BF4B-00C04F79EFBC}") = "Acr.XamForms", "Acr.XamForms\Acr.XamForms.csproj", "{5CD2ED0A-B502-4589-A585-6F30B32427CC}"
EndProject
Project("{2150E333-8FDC-42A3-9474-1A3956D46DE8}") = "Solution Items", "Solution Items", "{863F65F9-A1CC-4DD9-9380-1560DF281036}"
	ProjectSection(SolutionItems) = preProject
		changelog.md = changelog.md
		ISSUE_TEMPLATE = ISSUE_TEMPLATE
		LICENSE.md = LICENSE.md
		push.cmd = push.cmd
		readme.md = readme.md
	EndProjectSection
EndProject
Global
	GlobalSection(SolutionConfigurationPlatforms) = preSolution
		Debug|Any CPU = Debug|Any CPU
		Release|Any CPU = Release|Any CPU
	EndGlobalSection
	GlobalSection(ProjectConfigurationPlatforms) = postSolution
		{75F8953F-2839-47CF-BD7E-563317D34889}.Debug|Any CPU.ActiveCfg = Debug|Any CPU
		{75F8953F-2839-47CF-BD7E-563317D34889}.Debug|Any CPU.Build.0 = Debug|Any CPU
		{75F8953F-2839-47CF-BD7E-563317D34889}.Release|Any CPU.ActiveCfg = Release|Any CPU
		{75F8953F-2839-47CF-BD7E-563317D34889}.Release|Any CPU.Build.0 = Release|Any CPU
		{0AB7CD19-C34E-45F8-8244-53B07CE54AA7}.Debug|Any CPU.ActiveCfg = Debug|Any CPU
		{0AB7CD19-C34E-45F8-8244-53B07CE54AA7}.Debug|Any CPU.Build.0 = Debug|Any CPU
		{0AB7CD19-C34E-45F8-8244-53B07CE54AA7}.Release|Any CPU.ActiveCfg = Release|Any CPU
		{0AB7CD19-C34E-45F8-8244-53B07CE54AA7}.Release|Any CPU.Build.0 = Release|Any CPU
		{CACB150B-CF8C-473D-AAAC-DE0B7CA94896}.Debug|Any CPU.ActiveCfg = Debug|Any CPU
		{CACB150B-CF8C-473D-AAAC-DE0B7CA94896}.Debug|Any CPU.Build.0 = Debug|Any CPU
		{CACB150B-CF8C-473D-AAAC-DE0B7CA94896}.Release|Any CPU.ActiveCfg = Release|Any CPU
		{CACB150B-CF8C-473D-AAAC-DE0B7CA94896}.Release|Any CPU.Build.0 = Release|Any CPU
		{E0978780-B0DC-47DA-9736-2781F15A65E9}.Debug|Any CPU.ActiveCfg = Debug|Any CPU
		{E0978780-B0DC-47DA-9736-2781F15A65E9}.Debug|Any CPU.Build.0 = Debug|Any CPU
		{E0978780-B0DC-47DA-9736-2781F15A65E9}.Release|Any CPU.ActiveCfg = Release|Any CPU
		{E0978780-B0DC-47DA-9736-2781F15A65E9}.Release|Any CPU.Build.0 = Release|Any CPU
		{5CD2ED0A-B502-4589-A585-6F30B32427CC}.Debug|Any CPU.ActiveCfg = Debug|Any CPU
		{5CD2ED0A-B502-4589-A585-6F30B32427CC}.Debug|Any CPU.Build.0 = Debug|Any CPU
		{5CD2ED0A-B502-4589-A585-6F30B32427CC}.Release|Any CPU.ActiveCfg = Release|Any CPU
		{5CD2ED0A-B502-4589-A585-6F30B32427CC}.Release|Any CPU.Build.0 = Release|Any CPU
	EndGlobalSection
	GlobalSection(SolutionProperties) = preSolution
		HideSolutionNode = FALSE
	EndGlobalSection
	GlobalSection(ExtensibilityGlobals) = postSolution
		SolutionGuid = {F72C3E14-C79B-4474-BA08-9A7E058F58B7}
	EndGlobalSection
EndGlobal
